{
  "name": "flowers-app-api",
  "lockfileVersion": 2,
  "requires": true,
  "packages": {
    "": {
      "dependencies": {
        "tom-select": "^2.0.0-rc.5"
      }
    },
    "node_modules/@orchidjs/sifter": {
      "version": "0.9.0",
      "resolved": "https://registry.npmjs.org/@orchidjs/sifter/-/sifter-0.9.0.tgz",
      "integrity": "sha512-NDYPhjdydJNbwDRvMFyUFFeImj1a+CJAwpjh/goKmvTHi726DPAJ1nW0X05p/GsorQgXHwhgDPyu6WaYqd4cRA=="
    },
    "node_modules/tom-select": {
      "version": "2.0.0-rc.5",
      "resolved": "https://registry.npmjs.org/tom-select/-/tom-select-2.0.0-rc.5.tgz",
      "integrity": "sha512-JCigldJTC7OnMDfkPbv2CSBTpJpfq1YcpSlqD37WMILxgA18I4Pf1QMOGYyA4E1cLfII4ofFa5r8FN7Vn/pGGg==",
      "dependencies": {
        "@orchidjs/sifter": "^0.9.0"
      },
      "engines": {
        "node": "*"
      },
      "funding": {
        "type": "opencollective",
        "url": "https://opencollective.com/tom-select"
      }
    }
  },
  "dependencies": {
    "@orchidjs/sifter": {
      "version": "0.9.0",
      "resolved": "https://registry.npmjs.org/@orchidjs/sifter/-/sifter-0.9.0.tgz",
      "integrity": "sha512-NDYPhjdydJNbwDRvMFyUFFeImj1a+CJAwpjh/goKmvTHi726DPAJ1nW0X05p/GsorQgXHwhgDPyu6WaYqd4cRA=="
    },
    "tom-select": {
      "version": "2.0.0-rc.5",
      "resolved": "https://registry.npmjs.org/tom-select/-/tom-select-2.0.0-rc.5.tgz",
      "integrity": "sha512-JCigldJTC7OnMDfkPbv2CSBTpJpfq1YcpSlqD37WMILxgA18I4Pf1QMOGYyA4E1cLfII4ofFa5r8FN7Vn/pGGg==",
      "requires": {
        "@orchidjs/sifter": "^0.9.0"
      }
    }
  }
}
